{
  "version": 4,
  "terraform_version": "1.1.7",
  "serial": 38,
  "lineage": "e2f5e6ae-1b8f-6a94-3beb-e7beac304e35",
  "outputs": {},
  "resources": [
    {
      "mode": "managed",
      "type": "azurerm_resource_group",
      "name": "example",
      "provider": "provider[\"registry.terraform.io/hashicorp/azurerm\"]",
      "instances": [
        {
          "schema_version": 0,
          "attributes": {
            "id": "/subscriptions/2a09dc82-04ad-4375-9ab1-aec34588d536/resourceGroups/azure_compute_qe2e",
            "location": "australiaeast",
            "name": "azure_compute_qe2e",
            "tags": {},
            "timeouts": null
          },
          "sensitive_attributes": [],
          "private": "eyJlMmJmYjczMC1lY2FhLTExZTYtOGY4OC0zNDM2M2JjN2M0YzAiOnsiY3JlYXRlIjo1NDAwMDAwMDAwMDAwLCJkZWxldGUiOjU0MDAwMDAwMDAwMDAsInJlYWQiOjMwMDAwMDAwMDAwMCwidXBkYXRlIjo1NDAwMDAwMDAwMDAwfX0="
        }
      ]
    },
    {
      "mode": "managed",
      "type": "azurerm_storage_account",
      "name": "example",
      "provider": "provider[\"registry.terraform.io/hashicorp/azurerm\"]",
      "instances": [
        {
          "schema_version": 3,
          "attributes": {
            "access_tier": "Hot",
            "account_kind": "StorageV2",
            "account_replication_type": "GRS",
            "account_tier": "Standard",
            "allow_nested_items_to_be_public": true,
            "azure_files_authentication": [],
            "blob_properties": [
              {
                "change_feed_enabled": false,
                "container_delete_retention_policy": [],
                "cors_rule": [],
                "default_service_version": "",
                "delete_retention_policy": [],
                "last_access_time_enabled": false,
                "versioning_enabled": false
              }
            ],
            "custom_domain": [],
            "customer_managed_key": [],
            "edge_zone": "",
            "enable_https_traffic_only": true,
            "id": "/subscriptions/2a09dc82-04ad-4375-9ab1-aec34588d536/resourceGroups/azure_compute_qe2e/providers/Microsoft.Storage/storageAccounts/hvgfhvgdh323239",
            "identity": [],
            "infrastructure_encryption_enabled": false,
            "is_hns_enabled": false,
            "large_file_share_enabled": null,
            "location": "australiaeast",
            "min_tls_version": "TLS1_2",
            "name": "hvgfhvgdh323239",
            "network_rules": [
              {
                "bypass": [
                  "AzureServices"
                ],
                "default_action": "Allow",
                "ip_rules": [],
                "private_link_access": [],
                "virtual_network_subnet_ids": []
              }
            ],
            "nfsv3_enabled": false,
            "primary_access_key": "YsWHbvItilz1UiocXTFPmWF1XQ6LCWfQHKYV7lUf7uyW3xNCeNzEYuVk6I8yyftZroiKxOxxt3ldTc+5z3jeZA==",
            "primary_blob_connection_string": "DefaultEndpointsProtocol=https;BlobEndpoint=https://hvgfhvgdh323239.blob.core.windows.net/;AccountName=hvgfhvgdh323239;AccountKey=YsWHbvItilz1UiocXTFPmWF1XQ6LCWfQHKYV7lUf7uyW3xNCeNzEYuVk6I8yyftZroiKxOxxt3ldTc+5z3jeZA==",
            "primary_blob_endpoint": "https://hvgfhvgdh323239.blob.core.windows.net/",
            "primary_blob_host": "hvgfhvgdh323239.blob.core.windows.net",
            "primary_connection_string": "DefaultEndpointsProtocol=https;AccountName=hvgfhvgdh323239;AccountKey=YsWHbvItilz1UiocXTFPmWF1XQ6LCWfQHKYV7lUf7uyW3xNCeNzEYuVk6I8yyftZroiKxOxxt3ldTc+5z3jeZA==;EndpointSuffix=core.windows.net",
            "primary_dfs_endpoint": "https://hvgfhvgdh323239.dfs.core.windows.net/",
            "primary_dfs_host": "hvgfhvgdh323239.dfs.core.windows.net",
            "primary_file_endpoint": "https://hvgfhvgdh323239.file.core.windows.net/",
            "primary_file_host": "hvgfhvgdh323239.file.core.windows.net",
            "primary_location": "australiaeast",
            "primary_queue_endpoint": "https://hvgfhvgdh323239.queue.core.windows.net/",
            "primary_queue_host": "hvgfhvgdh323239.queue.core.windows.net",
            "primary_table_endpoint": "https://hvgfhvgdh323239.table.core.windows.net/",
            "primary_table_host": "hvgfhvgdh323239.table.core.windows.net",
            "primary_web_endpoint": "https://hvgfhvgdh323239.z8.web.core.windows.net/",
            "primary_web_host": "hvgfhvgdh323239.z8.web.core.windows.net",
            "queue_encryption_key_type": "Service",
            "queue_properties": [
              {
                "cors_rule": [],
                "hour_metrics": [
                  {
                    "enabled": true,
                    "include_apis": true,
                    "retention_policy_days": 7,
                    "version": "1.0"
                  }
                ],
                "logging": [
                  {
                    "delete": false,
                    "read": false,
                    "retention_policy_days": 0,
                    "version": "1.0",
                    "write": false
                  }
                ],
                "minute_metrics": [
                  {
                    "enabled": false,
                    "include_apis": false,
                    "retention_policy_days": 0,
                    "version": "1.0"
                  }
                ]
              }
            ],
            "resource_group_name": "azure_compute_qe2e",
            "routing": [],
            "secondary_access_key": "csqf7KTeuqw4PgRZ/smigL2mMAhtDslG40r60BkT3X9W/Az8GYSyr+f/SiUZI5JXj1+dtycaXpgfBuaj4B//tg==",
            "secondary_blob_connection_string": "",
            "secondary_blob_endpoint": null,
            "secondary_blob_host": null,
            "secondary_connection_string": "DefaultEndpointsProtocol=https;AccountName=hvgfhvgdh323239;AccountKey=csqf7KTeuqw4PgRZ/smigL2mMAhtDslG40r60BkT3X9W/Az8GYSyr+f/SiUZI5JXj1+dtycaXpgfBuaj4B//tg==;EndpointSuffix=core.windows.net",
            "secondary_dfs_endpoint": null,
            "secondary_dfs_host": null,
            "secondary_file_endpoint": null,
            "secondary_file_host": null,
            "secondary_location": "australiasoutheast",
            "secondary_queue_endpoint": null,
            "secondary_queue_host": null,
            "secondary_table_endpoint": null,
            "secondary_table_host": null,
            "secondary_web_endpoint": null,
            "secondary_web_host": null,
            "share_properties": [
              {
                "cors_rule": [],
                "retention_policy": [
                  {
                    "days": 7
                  }
                ],
                "smb": []
              }
            ],
            "shared_access_key_enabled": true,
            "static_website": [],
            "table_encryption_key_type": "Service",
            "tags": {
              "environment": "staging"
            },
            "timeouts": null
          },
          "sensitive_attributes": [],
          "private": "eyJlMmJmYjczMC1lY2FhLTExZTYtOGY4OC0zNDM2M2JjN2M0YzAiOnsiY3JlYXRlIjozNjAwMDAwMDAwMDAwLCJkZWxldGUiOjM2MDAwMDAwMDAwMDAsInJlYWQiOjMwMDAwMDAwMDAwMCwidXBkYXRlIjozNjAwMDAwMDAwMDAwfSwic2NoZW1hX3ZlcnNpb24iOiIzIn0="
        }
      ]
    },
    {
      "mode": "managed",
      "type": "azurerm_storage_container",
      "name": "example",
      "provider": "provider[\"registry.terraform.io/hashicorp/azurerm\"]",
      "instances": [
        {
          "schema_version": 1,
          "attributes": {
            "container_access_type": "private",
            "has_immutability_policy": false,
            "has_legal_hold": false,
            "id": "https://hvgfhvgdh323239.blob.core.windows.net/container119",
            "metadata": {},
            "name": "container119",
            "resource_manager_id": "/subscriptions/2a09dc82-04ad-4375-9ab1-aec34588d536/resourceGroups/azure_compute_qe2e/providers/Microsoft.Storage/storageAccounts/hvgfhvgdh323239/blobServices/default/containers/container119",
            "storage_account_name": "hvgfhvgdh323239",
            "timeouts": null
          },
          "sensitive_attributes": [],
          "private": "eyJlMmJmYjczMC1lY2FhLTExZTYtOGY4OC0zNDM2M2JjN2M0YzAiOnsiY3JlYXRlIjoxODAwMDAwMDAwMDAwLCJkZWxldGUiOjE4MDAwMDAwMDAwMDAsInJlYWQiOjMwMDAwMDAwMDAwMCwidXBkYXRlIjoxODAwMDAwMDAwMDAwfSwic2NoZW1hX3ZlcnNpb24iOiIxIn0=",
          "dependencies": [
            "azurerm_storage_account.example"
          ]
        }
      ]
    },
    {
      "mode": "managed",
      "type": "azurerm_subnet",
      "name": "example",
      "provider": "provider[\"registry.terraform.io/hashicorp/azurerm\"]",
      "instances": [
        {
          "schema_version": 0,
          "attributes": {
            "address_prefixes": [
              "10.5.1.0/24"
            ],
            "delegation": [],
            "enforce_private_link_endpoint_network_policies": false,
            "enforce_private_link_service_network_policies": false,
            "id": "/subscriptions/2a09dc82-04ad-4375-9ab1-aec34588d536/resourceGroups/azure_compute_qe2e/providers/Microsoft.Network/virtualNetworks/Vnet10/subnets/Vnet10-sub",
            "name": "Vnet10-sub",
            "resource_group_name": "azure_compute_qe2e",
            "service_endpoint_policy_ids": [],
            "service_endpoints": [],
            "timeouts": null,
            "virtual_network_name": "Vnet10"
          },
          "sensitive_attributes": [],
          "private": "eyJlMmJmYjczMC1lY2FhLTExZTYtOGY4OC0zNDM2M2JjN2M0YzAiOnsiY3JlYXRlIjoxODAwMDAwMDAwMDAwLCJkZWxldGUiOjE4MDAwMDAwMDAwMDAsInJlYWQiOjMwMDAwMDAwMDAwMCwidXBkYXRlIjoxODAwMDAwMDAwMDAwfX0="
        }
      ]
    },
    {
      "mode": "managed",
      "type": "azurerm_virtual_network",
      "name": "example",
      "provider": "provider[\"registry.terraform.io/hashicorp/azurerm\"]",
      "instances": [
        {
          "schema_version": 0,
          "attributes": {
            "address_space": [
              "10.5.0.0/16"
            ],
            "bgp_community": "",
            "ddos_protection_plan": [],
            "dns_servers": [],
            "edge_zone": "",
            "flow_timeout_in_minutes": 0,
            "guid": "ce5506f4-dfa6-4bc1-9754-e2090ce4a00d",
            "id": "/subscriptions/2a09dc82-04ad-4375-9ab1-aec34588d536/resourceGroups/azure_compute_qe2e/providers/Microsoft.Network/virtualNetworks/Vnet10",
            "location": "australiaeast",
            "name": "Vnet10",
            "resource_group_name": "azure_compute_qe2e",
            "subnet": [
              {
                "address_prefix": "10.5.1.0/24",
                "id": "/subscriptions/2a09dc82-04ad-4375-9ab1-aec34588d536/resourceGroups/azure_compute_qe2e/providers/Microsoft.Network/virtualNetworks/Vnet10/subnets/Vnet10-sub",
                "name": "Vnet10-sub",
                "security_group": ""
              }
            ],
            "tags": {},
            "timeouts": null
          },
          "sensitive_attributes": [],
          "private": "eyJlMmJmYjczMC1lY2FhLTExZTYtOGY4OC0zNDM2M2JjN2M0YzAiOnsiY3JlYXRlIjoxODAwMDAwMDAwMDAwLCJkZWxldGUiOjE4MDAwMDAwMDAwMDAsInJlYWQiOjMwMDAwMDAwMDAwMCwidXBkYXRlIjoxODAwMDAwMDAwMDAwfX0="
        }
      ]
    }
  ]
}
